// !$*UTF8*$!
{
	archiveVersion = 1;
	classes = {
	};
	objectVersion = 50;
	objects = {

/* Begin PBXBuildFile section */
		3AC5B36024FBFF1C0028C72C /* AppDelegate.swift in Sources */ = {isa = PBXBuildFile; fileRef = 3AC5B35F24FBFF1C0028C72C /* AppDelegate.swift */; };
		3AC5B36224FBFF1C0028C72C /* SceneDelegate.swift in Sources */ = {isa = PBXBuildFile; fileRef = 3AC5B36124FBFF1C0028C72C /* SceneDelegate.swift */; };
		3AC5B36424FBFF1C0028C72C /* FirstViewController.swift in Sources */ = {isa = PBXBuildFile; fileRef = 3AC5B36324FBFF1C0028C72C /* FirstViewController.swift */; };
		3AC5B36A24FBFF1D0028C72C /* GradeCalculator.xcdatamodeld in Sources */ = {isa = PBXBuildFile; fileRef = 3AC5B36824FBFF1D0028C72C /* GradeCalculator.xcdatamodeld */; };
		3AC5B36C24FBFF250028C72C /* Assets.xcassets in Resources */ = {isa = PBXBuildFile; fileRef = 3AC5B36B24FBFF250028C72C /* Assets.xcassets */; };
		3AC5B36F24FBFF250028C72C /* LaunchScreen.storyboard in Resources */ = {isa = PBXBuildFile; fileRef = 3AC5B36D24FBFF250028C72C /* LaunchScreen.storyboard */; };
		3AC5B37724FC0AF50028C72C /* SecondViewController.swift in Sources */ = {isa = PBXBuildFile; fileRef = 3AC5B37624FC0AF50028C72C /* SecondViewController.swift */; };
		3AC5B37A24FC10FD0028C72C /* SubjectListVC.swift in Sources */ = {isa = PBXBuildFile; fileRef = 3AC5B37924FC10FD0028C72C /* SubjectListVC.swift */; };
		3AC5B37C24FC11150028C72C /* SecondVC.swift in Sources */ = {isa = PBXBuildFile; fileRef = 3AC5B37B24FC11150028C72C /* SecondVC.swift */; };
		3AC5B37E24FC11230028C72C /* ThirdVC.swift in Sources */ = {isa = PBXBuildFile; fileRef = 3AC5B37D24FC11230028C72C /* ThirdVC.swift */; };
		3AC5B38424FC1ACC0028C72C /* Localizable.strings in Resources */ = {isa = PBXBuildFile; fileRef = 3AC5B38624FC1ACC0028C72C /* Localizable.strings */; };
		3AC5B39124FC3BC10028C72C /* Item.swift in Sources */ = {isa = PBXBuildFile; fileRef = 3AC5B38E24FC3BC10028C72C /* Item.swift */; };
		3AC5B39224FC3BC10028C72C /* Subject.swift in Sources */ = {isa = PBXBuildFile; fileRef = 3AC5B38F24FC3BC10028C72C /* Subject.swift */; };
		3AC5B39324FC3BC10028C72C /* CalculatorModel.swift in Sources */ = {isa = PBXBuildFile; fileRef = 3AC5B39024FC3BC10028C72C /* CalculatorModel.swift */; };
		3AC5B39624FC45B70028C72C /* CalculationUtility.swift in Sources */ = {isa = PBXBuildFile; fileRef = 3AC5B39524FC45B70028C72C /* CalculationUtility.swift */; };
		3AC5B39824FC45EF0028C72C /* UIViewExtension.swift in Sources */ = {isa = PBXBuildFile; fileRef = 3AC5B39724FC45EF0028C72C /* UIViewExtension.swift */; };
		3AC5B39A24FC4D900028C72C /* SubjectListCell.swift in Sources */ = {isa = PBXBuildFile; fileRef = 3AC5B39924FC4D900028C72C /* SubjectListCell.swift */; };
		3AC5B39C24FCC53B0028C72C /* ItemListVC.swift in Sources */ = {isa = PBXBuildFile; fileRef = 3AC5B39B24FCC53B0028C72C /* ItemListVC.swift */; };
		3AC5B39E250564C40028C72C /* ItemListCell.swift in Sources */ = {isa = PBXBuildFile; fileRef = 3AC5B39D250564C40028C72C /* ItemListCell.swift */; };
		3AC5B3A02506AD980028C72C /* ItemDetailVC.swift in Sources */ = {isa = PBXBuildFile; fileRef = 3AC5B39F2506AD980028C72C /* ItemDetailVC.swift */; };
		3AC5B3A4250745CE0028C72C /* TestTableVC.swift in Sources */ = {isa = PBXBuildFile; fileRef = 3AC5B3A3250745CE0028C72C /* TestTableVC.swift */; };
		3AC5B3A62509C9A60028C72C /* UITextFieldUtility.swift in Sources */ = {isa = PBXBuildFile; fileRef = 3AC5B3A52509C9A60028C72C /* UITextFieldUtility.swift */; };
		3AC5B3AD250DC0B80028C72C /* GeneralViewModel.swift in Sources */ = {isa = PBXBuildFile; fileRef = 3AC5B3A7250DC0B80028C72C /* GeneralViewModel.swift */; };
		3AC5B3AE250DC0B80028C72C /* HistoryModel.swift in Sources */ = {isa = PBXBuildFile; fileRef = 3AC5B3A9250DC0B80028C72C /* HistoryModel.swift */; };
		3AC5B3AF250DC0B80028C72C /* HistoryItem.swift in Sources */ = {isa = PBXBuildFile; fileRef = 3AC5B3AA250DC0B80028C72C /* HistoryItem.swift */; };
		3AC5B3B0250DC0B80028C72C /* SettingModel.swift in Sources */ = {isa = PBXBuildFile; fileRef = 3AC5B3AC250DC0B80028C72C /* SettingModel.swift */; };
		3AC5B3B42513252F0028C72C /* MultiSelectAndMoveTableViewController.swift in Sources */ = {isa = PBXBuildFile; fileRef = 3AC5B3B32513252E0028C72C /* MultiSelectAndMoveTableViewController.swift */; };
		3AC5B3B62516CD8D0028C72C /* ResultVC.swift in Sources */ = {isa = PBXBuildFile; fileRef = 3AC5B3B52516CD8D0028C72C /* ResultVC.swift */; };
		3AC5B3B92517C2890028C72C /* TermListVC.swift in Sources */ = {isa = PBXBuildFile; fileRef = 3AC5B3B82517C2880028C72C /* TermListVC.swift */; };
		3AC5B3BC2517D1940028C72C /* TermModel.swift in Sources */ = {isa = PBXBuildFile; fileRef = 3AC5B3BB2517D1940028C72C /* TermModel.swift */; };
		3AC5B3BE2517D2120028C72C /* Term.swift in Sources */ = {isa = PBXBuildFile; fileRef = 3AC5B3BD2517D2120028C72C /* Term.swift */; };
		3AC5B3C02517E13F0028C72C /* TermListCell.swift in Sources */ = {isa = PBXBuildFile; fileRef = 3AC5B3BF2517E13E0028C72C /* TermListCell.swift */; };
		3AC5B3C2251F9D9F0028C72C /* BottomMenu.swift in Sources */ = {isa = PBXBuildFile; fileRef = 3AC5B3C1251F9D9E0028C72C /* BottomMenu.swift */; };
		3AC5B3C62520E71C0028C72C /* TermListSegment.swift in Sources */ = {isa = PBXBuildFile; fileRef = 3AC5B3C52520E71C0028C72C /* TermListSegment.swift */; };
/* End PBXBuildFile section */

/* Begin PBXFileReference section */
		3AC5B35C24FBFF1C0028C72C /* GradeCalculator.app */ = {isa = PBXFileReference; explicitFileType = wrapper.application; includeInIndex = 0; path = GradeCalculator.app; sourceTree = BUILT_PRODUCTS_DIR; };
		3AC5B35F24FBFF1C0028C72C /* AppDelegate.swift */ = {isa = PBXFileReference; lastKnownFileType = sourcecode.swift; path = AppDelegate.swift; sourceTree = "<group>"; };
		3AC5B36124FBFF1C0028C72C /* SceneDelegate.swift */ = {isa = PBXFileReference; lastKnownFileType = sourcecode.swift; path = SceneDelegate.swift; sourceTree = "<group>"; };
		3AC5B36324FBFF1C0028C72C /* FirstViewController.swift */ = {isa = PBXFileReference; lastKnownFileType = sourcecode.swift; path = FirstViewController.swift; sourceTree = "<group>"; };
		3AC5B36924FBFF1D0028C72C /* GradeCalculator.xcdatamodel */ = {isa = PBXFileReference; lastKnownFileType = wrapper.xcdatamodel; path = GradeCalculator.xcdatamodel; sourceTree = "<group>"; };
		3AC5B36B24FBFF250028C72C /* Assets.xcassets */ = {isa = PBXFileReference; lastKnownFileType = folder.assetcatalog; path = Assets.xcassets; sourceTree = "<group>"; };
		3AC5B36E24FBFF250028C72C /* Base */ = {isa = PBXFileReference; lastKnownFileType = file.storyboard; name = Base; path = Base.lproj/LaunchScreen.storyboard; sourceTree = "<group>"; };
		3AC5B37024FBFF250028C72C /* Info.plist */ = {isa = PBXFileReference; lastKnownFileType = text.plist.xml; path = Info.plist; sourceTree = "<group>"; };
		3AC5B37624FC0AF50028C72C /* SecondViewController.swift */ = {isa = PBXFileReference; lastKnownFileType = sourcecode.swift; path = SecondViewController.swift; sourceTree = "<group>"; };
		3AC5B37924FC10FD0028C72C /* SubjectListVC.swift */ = {isa = PBXFileReference; lastKnownFileType = sourcecode.swift; path = SubjectListVC.swift; sourceTree = "<group>"; };
		3AC5B37B24FC11150028C72C /* SecondVC.swift */ = {isa = PBXFileReference; lastKnownFileType = sourcecode.swift; path = SecondVC.swift; sourceTree = "<group>"; };
		3AC5B37D24FC11230028C72C /* ThirdVC.swift */ = {isa = PBXFileReference; lastKnownFileType = sourcecode.swift; path = ThirdVC.swift; sourceTree = "<group>"; };
		3AC5B38524FC1ACC0028C72C /* en */ = {isa = PBXFileReference; lastKnownFileType = text.plist.strings; name = en; path = en.lproj/Localizable.strings; sourceTree = "<group>"; };
		3AC5B38824FC1BE20028C72C /* en-CA */ = {isa = PBXFileReference; lastKnownFileType = text.plist.strings; name = "en-CA"; path = "en-CA.lproj/Localizable.strings"; sourceTree = "<group>"; };
		3AC5B38924FC1BED0028C72C /* zh-Hans */ = {isa = PBXFileReference; lastKnownFileType = text.plist.strings; name = "zh-Hans"; path = "zh-Hans.lproj/Localizable.strings"; sourceTree = "<group>"; };
		3AC5B38A24FC1D2E0028C72C /* ja */ = {isa = PBXFileReference; lastKnownFileType = text.plist.strings; name = ja; path = ja.lproj/Localizable.strings; sourceTree = "<group>"; };
		3AC5B38E24FC3BC10028C72C /* Item.swift */ = {isa = PBXFileReference; fileEncoding = 4; lastKnownFileType = sourcecode.swift; path = Item.swift; sourceTree = "<group>"; };
		3AC5B38F24FC3BC10028C72C /* Subject.swift */ = {isa = PBXFileReference; fileEncoding = 4; lastKnownFileType = sourcecode.swift; path = Subject.swift; sourceTree = "<group>"; };
		3AC5B39024FC3BC10028C72C /* CalculatorModel.swift */ = {isa = PBXFileReference; fileEncoding = 4; lastKnownFileType = sourcecode.swift; path = CalculatorModel.swift; sourceTree = "<group>"; };
		3AC5B39524FC45B70028C72C /* CalculationUtility.swift */ = {isa = PBXFileReference; fileEncoding = 4; lastKnownFileType = sourcecode.swift; path = CalculationUtility.swift; sourceTree = "<group>"; };
		3AC5B39724FC45EF0028C72C /* UIViewExtension.swift */ = {isa = PBXFileReference; lastKnownFileType = sourcecode.swift; path = UIViewExtension.swift; sourceTree = "<group>"; };
		3AC5B39924FC4D900028C72C /* SubjectListCell.swift */ = {isa = PBXFileReference; lastKnownFileType = sourcecode.swift; path = SubjectListCell.swift; sourceTree = "<group>"; };
		3AC5B39B24FCC53B0028C72C /* ItemListVC.swift */ = {isa = PBXFileReference; lastKnownFileType = sourcecode.swift; path = ItemListVC.swift; sourceTree = "<group>"; };
		3AC5B39D250564C40028C72C /* ItemListCell.swift */ = {isa = PBXFileReference; lastKnownFileType = sourcecode.swift; path = ItemListCell.swift; sourceTree = "<group>"; };
		3AC5B39F2506AD980028C72C /* ItemDetailVC.swift */ = {isa = PBXFileReference; lastKnownFileType = sourcecode.swift; path = ItemDetailVC.swift; sourceTree = "<group>"; };
		3AC5B3A3250745CE0028C72C /* TestTableVC.swift */ = {isa = PBXFileReference; lastKnownFileType = sourcecode.swift; path = TestTableVC.swift; sourceTree = "<group>"; };
		3AC5B3A52509C9A60028C72C /* UITextFieldUtility.swift */ = {isa = PBXFileReference; lastKnownFileType = sourcecode.swift; path = UITextFieldUtility.swift; sourceTree = "<group>"; };
		3AC5B3A7250DC0B80028C72C /* GeneralViewModel.swift */ = {isa = PBXFileReference; fileEncoding = 4; lastKnownFileType = sourcecode.swift; path = GeneralViewModel.swift; sourceTree = "<group>"; };
		3AC5B3A9250DC0B80028C72C /* HistoryModel.swift */ = {isa = PBXFileReference; fileEncoding = 4; lastKnownFileType = sourcecode.swift; path = HistoryModel.swift; sourceTree = "<group>"; };
		3AC5B3AA250DC0B80028C72C /* HistoryItem.swift */ = {isa = PBXFileReference; fileEncoding = 4; lastKnownFileType = sourcecode.swift; path = HistoryItem.swift; sourceTree = "<group>"; };
		3AC5B3AC250DC0B80028C72C /* SettingModel.swift */ = {isa = PBXFileReference; fileEncoding = 4; lastKnownFileType = sourcecode.swift; path = SettingModel.swift; sourceTree = "<group>"; };
		3AC5B3B32513252E0028C72C /* MultiSelectAndMoveTableViewController.swift */ = {isa = PBXFileReference; lastKnownFileType = sourcecode.swift; path = MultiSelectAndMoveTableViewController.swift; sourceTree = "<group>"; };
		3AC5B3B52516CD8D0028C72C /* ResultVC.swift */ = {isa = PBXFileReference; lastKnownFileType = sourcecode.swift; path = ResultVC.swift; sourceTree = "<group>"; };
		3AC5B3B82517C2880028C72C /* TermListVC.swift */ = {isa = PBXFileReference; lastKnownFileType = sourcecode.swift; path = TermListVC.swift; sourceTree = "<group>"; };
		3AC5B3BB2517D1940028C72C /* TermModel.swift */ = {isa = PBXFileReference; lastKnownFileType = sourcecode.swift; path = TermModel.swift; sourceTree = "<group>"; };
		3AC5B3BD2517D2120028C72C /* Term.swift */ = {isa = PBXFileReference; lastKnownFileType = sourcecode.swift; path = Term.swift; sourceTree = "<group>"; };
		3AC5B3BF2517E13E0028C72C /* TermListCell.swift */ = {isa = PBXFileReference; lastKnownFileType = sourcecode.swift; path = TermListCell.swift; sourceTree = "<group>"; };
		3AC5B3C1251F9D9E0028C72C /* BottomMenu.swift */ = {isa = PBXFileReference; lastKnownFileType = sourcecode.swift; path = BottomMenu.swift; sourceTree = "<group>"; };
		3AC5B3C52520E71C0028C72C /* TermListSegment.swift */ = {isa = PBXFileReference; lastKnownFileType = sourcecode.swift; path = TermListSegment.swift; sourceTree = "<group>"; };
/* End PBXFileReference section */

/* Begin PBXFrameworksBuildPhase section */
		3AC5B35924FBFF1C0028C72C /* Frameworks */ = {
			isa = PBXFrameworksBuildPhase;
			buildActionMask = 2147483647;
			files = (
			);
			runOnlyForDeploymentPostprocessing = 0;
		};
/* End PBXFrameworksBuildPhase section */

/* Begin PBXGroup section */
		3AC5B35324FBFF1C0028C72C = {
			isa = PBXGroup;
			children = (
				3AC5B35E24FBFF1C0028C72C /* GradeCalculator */,
				3AC5B35D24FBFF1C0028C72C /* Products */,
			);
			sourceTree = "<group>";
		};
		3AC5B35D24FBFF1C0028C72C /* Products */ = {
			isa = PBXGroup;
			children = (
				3AC5B35C24FBFF1C0028C72C /* GradeCalculator.app */,
			);
			name = Products;
			sourceTree = "<group>";
		};
		3AC5B35E24FBFF1C0028C72C /* GradeCalculator */ = {
			isa = PBXGroup;
			children = (
				3AC5B39424FC45990028C72C /* Utility */,
				3AC5B38C24FC3BA70028C72C /* Model */,
				3AC5B38B24FC2C6F0028C72C /* SubjectPage */,
				3AC5B3B72517C2570028C72C /* TermPage */,
				3AC5B37824FC10D70028C72C /* TestVC */,
				3AC5B35F24FBFF1C0028C72C /* AppDelegate.swift */,
				3AC5B36124FBFF1C0028C72C /* SceneDelegate.swift */,
				3AC5B37B24FC11150028C72C /* SecondVC.swift */,
				3AC5B37D24FC11230028C72C /* ThirdVC.swift */,
				3AC5B36B24FBFF250028C72C /* Assets.xcassets */,
				3AC5B36D24FBFF250028C72C /* LaunchScreen.storyboard */,
				3AC5B38624FC1ACC0028C72C /* Localizable.strings */,
				3AC5B37024FBFF250028C72C /* Info.plist */,
				3AC5B36824FBFF1D0028C72C /* GradeCalculator.xcdatamodeld */,
			);
			path = GradeCalculator;
			sourceTree = "<group>";
		};
		3AC5B37824FC10D70028C72C /* TestVC */ = {
			isa = PBXGroup;
			children = (
				3AC5B36324FBFF1C0028C72C /* FirstViewController.swift */,
				3AC5B37624FC0AF50028C72C /* SecondViewController.swift */,
				3AC5B3A3250745CE0028C72C /* TestTableVC.swift */,
			);
			path = TestVC;
			sourceTree = "<group>";
		};
		3AC5B38B24FC2C6F0028C72C /* SubjectPage */ = {
			isa = PBXGroup;
			children = (
				3AC5B37924FC10FD0028C72C /* SubjectListVC.swift */,
				3AC5B39924FC4D900028C72C /* SubjectListCell.swift */,
				3AC5B39B24FCC53B0028C72C /* ItemListVC.swift */,
				3AC5B39D250564C40028C72C /* ItemListCell.swift */,
				3AC5B39F2506AD980028C72C /* ItemDetailVC.swift */,
				3AC5B3B52516CD8D0028C72C /* ResultVC.swift */,
				3AC5B3C52520E71C0028C72C /* TermListSegment.swift */,
			);
			path = SubjectPage;
			sourceTree = "<group>";
		};
		3AC5B38C24FC3BA70028C72C /* Model */ = {
			isa = PBXGroup;
			children = (
				3AC5B38D24FC3BC10028C72C /* CalculatorModel */,
				3AC5B3BA2517D16A0028C72C /* TermModel */,
				3AC5B3A8250DC0B80028C72C /* HistoryModel */,
				3AC5B3AB250DC0B80028C72C /* SettingModel */,
				3AC5B3A7250DC0B80028C72C /* GeneralViewModel.swift */,
			);
			path = Model;
			sourceTree = "<group>";
		};
		3AC5B38D24FC3BC10028C72C /* CalculatorModel */ = {
			isa = PBXGroup;
			children = (
				3AC5B38E24FC3BC10028C72C /* Item.swift */,
				3AC5B38F24FC3BC10028C72C /* Subject.swift */,
				3AC5B39024FC3BC10028C72C /* CalculatorModel.swift */,
			);
			path = CalculatorModel;
			sourceTree = "<group>";
		};
		3AC5B39424FC45990028C72C /* Utility */ = {
			isa = PBXGroup;
			children = (
				3AC5B39524FC45B70028C72C /* CalculationUtility.swift */,
				3AC5B39724FC45EF0028C72C /* UIViewExtension.swift */,
				3AC5B3A52509C9A60028C72C /* UITextFieldUtility.swift */,
				3AC5B3B32513252E0028C72C /* MultiSelectAndMoveTableViewController.swift */,
				3AC5B3C1251F9D9E0028C72C /* BottomMenu.swift */,
			);
			path = Utility;
			sourceTree = "<group>";
		};
		3AC5B3A8250DC0B80028C72C /* HistoryModel */ = {
			isa = PBXGroup;
			children = (
				3AC5B3A9250DC0B80028C72C /* HistoryModel.swift */,
				3AC5B3AA250DC0B80028C72C /* HistoryItem.swift */,
			);
			path = HistoryModel;
			sourceTree = "<group>";
		};
		3AC5B3AB250DC0B80028C72C /* SettingModel */ = {
			isa = PBXGroup;
			children = (
				3AC5B3AC250DC0B80028C72C /* SettingModel.swift */,
			);
			path = SettingModel;
			sourceTree = "<group>";
		};
		3AC5B3B72517C2570028C72C /* TermPage */ = {
			isa = PBXGroup;
			children = (
				3AC5B3B82517C2880028C72C /* TermListVC.swift */,
				3AC5B3BF2517E13E0028C72C /* TermListCell.swift */,
			);
			path = TermPage;
			sourceTree = "<group>";
		};
		3AC5B3BA2517D16A0028C72C /* TermModel */ = {
			isa = PBXGroup;
			children = (
				3AC5B3BD2517D2120028C72C /* Term.swift */,
				3AC5B3BB2517D1940028C72C /* TermModel.swift */,
			);
			path = TermModel;
			sourceTree = "<group>";
		};
/* End PBXGroup section */

/* Begin PBXNativeTarget section */
		3AC5B35B24FBFF1C0028C72C /* GradeCalculator */ = {
			isa = PBXNativeTarget;
			buildConfigurationList = 3AC5B37324FBFF250028C72C /* Build configuration list for PBXNativeTarget "GradeCalculator" */;
			buildPhases = (
				3AC5B35824FBFF1C0028C72C /* Sources */,
				3AC5B35924FBFF1C0028C72C /* Frameworks */,
				3AC5B35A24FBFF1C0028C72C /* Resources */,
			);
			buildRules = (
			);
			dependencies = (
			);
			name = GradeCalculator;
			productName = GradeCalculator;
			productReference = 3AC5B35C24FBFF1C0028C72C /* GradeCalculator.app */;
			productType = "com.apple.product-type.application";
		};
/* End PBXNativeTarget section */

/* Begin PBXProject section */
		3AC5B35424FBFF1C0028C72C /* Project object */ = {
			isa = PBXProject;
			attributes = {
				LastSwiftUpdateCheck = 1150;
				LastUpgradeCheck = 1150;
				ORGANIZATIONNAME = "Hao Li";
				TargetAttributes = {
					3AC5B35B24FBFF1C0028C72C = {
						CreatedOnToolsVersion = 11.5;
					};
				};
			};
			buildConfigurationList = 3AC5B35724FBFF1C0028C72C /* Build configuration list for PBXProject "GradeCalculator" */;
			compatibilityVersion = "Xcode 9.3";
			developmentRegion = en;
			hasScannedForEncodings = 0;
			knownRegions = (
				en,
				Base,
				"en-CA",
				"zh-Hans",
				ja,
			);
			mainGroup = 3AC5B35324FBFF1C0028C72C;
			productRefGroup = 3AC5B35D24FBFF1C0028C72C /* Products */;
			projectDirPath = "";
			projectRoot = "";
			targets = (
				3AC5B35B24FBFF1C0028C72C /* GradeCalculator */,
			);
		};
/* End PBXProject section */

/* Begin PBXResourcesBuildPhase section */
		3AC5B35A24FBFF1C0028C72C /* Resources */ = {
			isa = PBXResourcesBuildPhase;
			buildActionMask = 2147483647;
			files = (
				3AC5B36F24FBFF250028C72C /* LaunchScreen.storyboard in Resources */,
				3AC5B38424FC1ACC0028C72C /* Localizable.strings in Resources */,
				3AC5B36C24FBFF250028C72C /* Assets.xcassets in Resources */,
			);
			runOnlyForDeploymentPostprocessing = 0;
		};
/* End PBXResourcesBuildPhase section */

/* Begin PBXSourcesBuildPhase section */
		3AC5B35824FBFF1C0028C72C /* Sources */ = {
			isa = PBXSourcesBuildPhase;
			buildActionMask = 2147483647;
			files = (
				3AC5B36424FBFF1C0028C72C /* FirstViewController.swift in Sources */,
				3AC5B39124FC3BC10028C72C /* Item.swift in Sources */,
				3AC5B39624FC45B70028C72C /* CalculationUtility.swift in Sources */,
				3AC5B3B62516CD8D0028C72C /* ResultVC.swift in Sources */,
				3AC5B3AF250DC0B80028C72C /* HistoryItem.swift in Sources */,
				3AC5B37A24FC10FD0028C72C /* SubjectListVC.swift in Sources */,
				3AC5B39C24FCC53B0028C72C /* ItemListVC.swift in Sources */,
				3AC5B3AE250DC0B80028C72C /* HistoryModel.swift in Sources */,
				3AC5B3C02517E13F0028C72C /* TermListCell.swift in Sources */,
				3AC5B3A4250745CE0028C72C /* TestTableVC.swift in Sources */,
				3AC5B37C24FC11150028C72C /* SecondVC.swift in Sources */,
				3AC5B3AD250DC0B80028C72C /* GeneralViewModel.swift in Sources */,
				3AC5B3C62520E71C0028C72C /* TermListSegment.swift in Sources */,
				3AC5B3C2251F9D9F0028C72C /* BottomMenu.swift in Sources */,
				3AC5B36A24FBFF1D0028C72C /* GradeCalculator.xcdatamodeld in Sources */,
				3AC5B37E24FC11230028C72C /* ThirdVC.swift in Sources */,
				3AC5B3A62509C9A60028C72C /* UITextFieldUtility.swift in Sources */,
				3AC5B39E250564C40028C72C /* ItemListCell.swift in Sources */,
				3AC5B39224FC3BC10028C72C /* Subject.swift in Sources */,
				3AC5B3B92517C2890028C72C /* TermListVC.swift in Sources */,
				3AC5B39324FC3BC10028C72C /* CalculatorModel.swift in Sources */,
				3AC5B39824FC45EF0028C72C /* UIViewExtension.swift in Sources */,
				3AC5B36024FBFF1C0028C72C /* AppDelegate.swift in Sources */,
				3AC5B3B42513252F0028C72C /* MultiSelectAndMoveTableViewController.swift in Sources */,
				3AC5B3BC2517D1940028C72C /* TermModel.swift in Sources */,
				3AC5B37724FC0AF50028C72C /* SecondViewController.swift in Sources */,
				3AC5B39A24FC4D900028C72C /* SubjectListCell.swift in Sources */,
				3AC5B3A02506AD980028C72C /* ItemDetailVC.swift in Sources */,
				3AC5B3BE2517D2120028C72C /* Term.swift in Sources */,
				3AC5B36224FBFF1C0028C72C /* SceneDelegate.swift in Sources */,
				3AC5B3B0250DC0B80028C72C /* SettingModel.swift in Sources */,
			);
			runOnlyForDeploymentPostprocessing = 0;
		};
/* End PBXSourcesBuildPhase section */

/* Begin PBXVariantGroup section */
		3AC5B36D24FBFF250028C72C /* LaunchScreen.storyboard */ = {
			isa = PBXVariantGroup;
			children = (
				3AC5B36E24FBFF250028C72C /* Base */,
			);
			name = LaunchScreen.storyboard;
			sourceTree = "<group>";
		};
		3AC5B38624FC1ACC0028C72C /* Localizable.strings */ = {
			isa = PBXVariantGroup;
			children = (
				3AC5B38524FC1ACC0028C72C /* en */,
				3AC5B38824FC1BE20028C72C /* en-CA */,
				3AC5B38924FC1BED0028C72C /* zh-Hans */,
				3AC5B38A24FC1D2E0028C72C /* ja */,
			);
			name = Localizable.strings;
			sourceTree = "<group>";
		};
/* End PBXVariantGroup section */

/* Begin XCBuildConfiguration section */
		3AC5B37124FBFF250028C72C /* Debug */ = {
			isa = XCBuildConfiguration;
			buildSettings = {
				ALWAYS_SEARCH_USER_PATHS = NO;
				CLANG_ANALYZER_LOCALIZABILITY_NONLOCALIZED = YES;
				CLANG_ANALYZER_NONNULL = YES;
				CLANG_ANALYZER_NUMBER_OBJECT_CONVERSION = YES_AGGRESSIVE;
				CLANG_CXX_LANGUAGE_STANDARD = "gnu++14";
				CLANG_CXX_LIBRARY = "libc++";
				CLANG_ENABLE_MODULES = YES;
				CLANG_ENABLE_OBJC_ARC = YES;
				CLANG_ENABLE_OBJC_WEAK = YES;
				CLANG_WARN_BLOCK_CAPTURE_AUTORELEASING = YES;
				CLANG_WARN_BOOL_CONVERSION = YES;
				CLANG_WARN_COMMA = YES;
				CLANG_WARN_CONSTANT_CONVERSION = YES;
				CLANG_WARN_DEPRECATED_OBJC_IMPLEMENTATIONS = YES;
				CLANG_WARN_DIRECT_OBJC_ISA_USAGE = YES_ERROR;
				CLANG_WARN_DOCUMENTATION_COMMENTS = YES;
				CLANG_WARN_EMPTY_BODY = YES;
				CLANG_WARN_ENUM_CONVERSION = YES;
				CLANG_WARN_INFINITE_RECURSION = YES;
				CLANG_WARN_INT_CONVERSION = YES;
				CLANG_WARN_NON_LITERAL_NULL_CONVERSION = YES;
				CLANG_WARN_OBJC_IMPLICIT_RETAIN_SELF = YES;
				CLANG_WARN_OBJC_LITERAL_CONVERSION = YES;
				CLANG_WARN_OBJC_ROOT_CLASS = YES_ERROR;
				CLANG_WARN_RANGE_LOOP_ANALYSIS = YES;
				CLANG_WARN_STRICT_PROTOTYPES = YES;
				CLANG_WARN_SUSPICIOUS_MOVE = YES;
				CLANG_WARN_UNGUARDED_AVAILABILITY = YES_AGGRESSIVE;
				CLANG_WARN_UNREACHABLE_CODE = YES;
				CLANG_WARN__DUPLICATE_METHOD_MATCH = YES;
				COPY_PHASE_STRIP = NO;
				DEBUG_INFORMATION_FORMAT = dwarf;
				ENABLE_STRICT_OBJC_MSGSEND = YES;
				ENABLE_TESTABILITY = YES;
				GCC_C_LANGUAGE_STANDARD = gnu11;
				GCC_DYNAMIC_NO_PIC = NO;
				GCC_NO_COMMON_BLOCKS = YES;
				GCC_OPTIMIZATION_LEVEL = 0;
				GCC_PREPROCESSOR_DEFINITIONS = (
					"DEBUG=1",
					"$(inherited)",
				);
				GCC_WARN_64_TO_32_BIT_CONVERSION = YES;
				GCC_WARN_ABOUT_RETURN_TYPE = YES_ERROR;
				GCC_WARN_UNDECLARED_SELECTOR = YES;
				GCC_WARN_UNINITIALIZED_AUTOS = YES_AGGRESSIVE;
				GCC_WARN_UNUSED_FUNCTION = YES;
				GCC_WARN_UNUSED_VARIABLE = YES;
				IPHONEOS_DEPLOYMENT_TARGET = 13.5;
				MTL_ENABLE_DEBUG_INFO = INCLUDE_SOURCE;
				MTL_FAST_MATH = YES;
				ONLY_ACTIVE_ARCH = YES;
				SDKROOT = iphoneos;
				SWIFT_ACTIVE_COMPILATION_CONDITIONS = DEBUG;
				SWIFT_OPTIMIZATION_LEVEL = "-Onone";
			};
			name = Debug;
		};
		3AC5B37224FBFF250028C72C /* Release */ = {
			isa = XCBuildConfiguration;
			buildSettings = {
				ALWAYS_SEARCH_USER_PATHS = NO;
				CLANG_ANALYZER_LOCALIZABILITY_NONLOCALIZED = YES;
				CLANG_ANALYZER_NONNULL = YES;
				CLANG_ANALYZER_NUMBER_OBJECT_CONVERSION = YES_AGGRESSIVE;
				CLANG_CXX_LANGUAGE_STANDARD = "gnu++14";
				CLANG_CXX_LIBRARY = "libc++";
				CLANG_ENABLE_MODULES = YES;
				CLANG_ENABLE_OBJC_ARC = YES;
				CLANG_ENABLE_OBJC_WEAK = YES;
				CLANG_WARN_BLOCK_CAPTURE_AUTORELEASING = YES;
				CLANG_WARN_BOOL_CONVERSION = YES;
				CLANG_WARN_COMMA = YES;
				CLANG_WARN_CONSTANT_CONVERSION = YES;
				CLANG_WARN_DEPRECATED_OBJC_IMPLEMENTATIONS = YES;
				CLANG_WARN_DIRECT_OBJC_ISA_USAGE = YES_ERROR;
				CLANG_WARN_DOCUMENTATION_COMMENTS = YES;
				CLANG_WARN_EMPTY_BODY = YES;
				CLANG_WARN_ENUM_CONVERSION = YES;
				CLANG_WARN_INFINITE_RECURSION = YES;
				CLANG_WARN_INT_CONVERSION = YES;
				CLANG_WARN_NON_LITERAL_NULL_CONVERSION = YES;
				CLANG_WARN_OBJC_IMPLICIT_RETAIN_SELF = YES;
				CLANG_WARN_OBJC_LITERAL_CONVERSION = YES;
				CLANG_WARN_OBJC_ROOT_CLASS = YES_ERROR;
				CLANG_WARN_RANGE_LOOP_ANALYSIS = YES;
				CLANG_WARN_STRICT_PROTOTYPES = YES;
				CLANG_WARN_SUSPICIOUS_MOVE = YES;
				CLANG_WARN_UNGUARDED_AVAILABILITY = YES_AGGRESSIVE;
				CLANG_WARN_UNREACHABLE_CODE = YES;
				CLANG_WARN__DUPLICATE_METHOD_MATCH = YES;
				COPY_PHASE_STRIP = NO;
				DEBUG_INFORMATION_FORMAT = "dwarf-with-dsym";
				ENABLE_NS_ASSERTIONS = NO;
				ENABLE_STRICT_OBJC_MSGSEND = YES;
				GCC_C_LANGUAGE_STANDARD = gnu11;
				GCC_NO_COMMON_BLOCKS = YES;
				GCC_WARN_64_TO_32_BIT_CONVERSION = YES;
				GCC_WARN_ABOUT_RETURN_TYPE = YES_ERROR;
				GCC_WARN_UNDECLARED_SELECTOR = YES;
				GCC_WARN_UNINITIALIZED_AUTOS = YES_AGGRESSIVE;
				GCC_WARN_UNUSED_FUNCTION = YES;
				GCC_WARN_UNUSED_VARIABLE = YES;
				IPHONEOS_DEPLOYMENT_TARGET = 13.5;
				MTL_ENABLE_DEBUG_INFO = NO;
				MTL_FAST_MATH = YES;
				SDKROOT = iphoneos;
				SWIFT_COMPILATION_MODE = wholemodule;
				SWIFT_OPTIMIZATION_LEVEL = "-O";
				VALIDATE_PRODUCT = YES;
			};
			name = Release;
		};
		3AC5B37424FBFF250028C72C /* Debug */ = {
			isa = XCBuildConfiguration;
			buildSettings = {
				ASSETCATALOG_COMPILER_APPICON_NAME = AppIcon;
				CODE_SIGN_STYLE = Automatic;
				DEVELOPMENT_TEAM = "";
				INFOPLIST_FILE = GradeCalculator/Info.plist;
				LD_RUNPATH_SEARCH_PATHS = (
					"$(inherited)",
					"@executable_path/Frameworks",
				);
				PRODUCT_BUNDLE_IDENTIFIER = com.example.GradeCalculator;
				PRODUCT_NAME = "$(TARGET_NAME)";
				SWIFT_VERSION = 5.0;
				TARGETED_DEVICE_FAMILY = "1,2";
			};
			name = Debug;
		};
		3AC5B37524FBFF250028C72C /* Release */ = {
			isa = XCBuildConfiguration;
			buildSettings = {
				ASSETCATALOG_COMPILER_APPICON_NAME = AppIcon;
				CODE_SIGN_STYLE = Automatic;
				DEVELOPMENT_TEAM = "";
				INFOPLIST_FILE = GradeCalculator/Info.plist;
				LD_RUNPATH_SEARCH_PATHS = (
					"$(inherited)",
					"@executable_path/Frameworks",
				);
				PRODUCT_BUNDLE_IDENTIFIER = com.example.GradeCalculator;
				PRODUCT_NAME = "$(TARGET_NAME)";
				SWIFT_VERSION = 5.0;
				TARGETED_DEVICE_FAMILY = "1,2";
			};
			name = Release;
		};
/* End XCBuildConfiguration section */

/* Begin XCConfigurationList section */
		3AC5B35724FBFF1C0028C72C /* Build configuration list for PBXProject "GradeCalculator" */ = {
			isa = XCConfigurationList;
			buildConfigurations = (
				3AC5B37124FBFF250028C72C /* Debug */,
				3AC5B37224FBFF250028C72C /* Release */,
			);
			defaultConfigurationIsVisible = 0;
			defaultConfigurationName = Release;
		};
		3AC5B37324FBFF250028C72C /* Build configuration list for PBXNativeTarget "GradeCalculator" */ = {
			isa = XCConfigurationList;
			buildConfigurations = (
				3AC5B37424FBFF250028C72C /* Debug */,
				3AC5B37524FBFF250028C72C /* Release */,
			);
			defaultConfigurationIsVisible = 0;
			defaultConfigurationName = Release;
		};
/* End XCConfigurationList section */

/* Begin XCVersionGroup section */
		3AC5B36824FBFF1D0028C72C /* GradeCalculator.xcdatamodeld */ = {
			isa = XCVersionGroup;
			children = (
				3AC5B36924FBFF1D0028C72C /* GradeCalculator.xcdatamodel */,
			);
			currentVersion = 3AC5B36924FBFF1D0028C72C /* GradeCalculator.xcdatamodel */;
			path = GradeCalculator.xcdatamodeld;
			sourceTree = "<group>";
			versionGroupType = wrapper.xcdatamodel;
		};
/* End XCVersionGroup section */
	};
	rootObject = 3AC5B35424FBFF1C0028C72C /* Project object */;
}
